// !$*UTF8*$!
{
	archiveVersion = 1;
	classes = {
	};
	objectVersion = 56;
	objects = {

/* Begin PBXBuildFile section */
		D01093182D3F85F200B89E30 /* TripPlanner.swift in Sources */ = {isa = PBXBuildFile; fileRef = D01093172D3F85F200B89E30 /* TripPlanner.swift */; };
		D01093222D3F863100B89E30 /* KDTree+CustomStringConvertible.swift in Sources */ = {isa = PBXBuildFile; fileRef = D01093192D3F863000B89E30 /* KDTree+CustomStringConvertible.swift */; };
		D01093232D3F863100B89E30 /* KDTree+Sequence.swift in Sources */ = {isa = PBXBuildFile; fileRef = D010931A2D3F863000B89E30 /* KDTree+Sequence.swift */; };
		D01093242D3F863100B89E30 /* CGPoint+KDTreePoint.swift in Sources */ = {isa = PBXBuildFile; fileRef = D010931B2D3F863000B89E30 /* CGPoint+KDTreePoint.swift */; };
		D01093252D3F863100B89E30 /* KDTree+Equatable.swift in Sources */ = {isa = PBXBuildFile; fileRef = D010931C2D3F863000B89E30 /* KDTree+Equatable.swift */; };
		D01093262D3F863100B89E30 /* KDTree+Codable.swift in Sources */ = {isa = PBXBuildFile; fileRef = D010931D2D3F863100B89E30 /* KDTree+Codable.swift */; };
		D01093272D3F863100B89E30 /* KDTree.swift in Sources */ = {isa = PBXBuildFile; fileRef = D010931E2D3F863100B89E30 /* KDTree.swift */; };
		D01093282D3F863100B89E30 /* KDTree+NearestNeighbour.swift in Sources */ = {isa = PBXBuildFile; fileRef = D010931F2D3F863100B89E30 /* KDTree+NearestNeighbour.swift */; };
		D01093292D3F863100B89E30 /* KDTree+RangeSearch.swift in Sources */ = {isa = PBXBuildFile; fileRef = D01093202D3F863100B89E30 /* KDTree+RangeSearch.swift */; };
		D010932A2D3F863100B89E30 /* KDTreePoint.swift in Sources */ = {isa = PBXBuildFile; fileRef = D01093212D3F863100B89E30 /* KDTreePoint.swift */; };
		D010932D2D3F881B00B89E30 /* EquirectangularStop.swift in Sources */ = {isa = PBXBuildFile; fileRef = D010932C2D3F881B00B89E30 /* EquirectangularStop.swift */; };
		D010932F2D3F88BD00B89E30 /* EquirectangularProjection.swift in Sources */ = {isa = PBXBuildFile; fileRef = D010932E2D3F88BD00B89E30 /* EquirectangularProjection.swift */; };
		D01093312D3F894100B89E30 /* CLLocationCoordinate2D+Extensions.swift in Sources */ = {isa = PBXBuildFile; fileRef = D01093302D3F894100B89E30 /* CLLocationCoordinate2D+Extensions.swift */; };
		D01093352D3F8CDE00B89E30 /* ComputedData.swift in Sources */ = {isa = PBXBuildFile; fileRef = D01093342D3F8CDE00B89E30 /* ComputedData.swift */; };
		D01093372D3F93D700B89E30 /* RouteComponent.swift in Sources */ = {isa = PBXBuildFile; fileRef = D01093362D3F93D700B89E30 /* RouteComponent.swift */; };
		D012C6A02D437C3300ABF03C /* KDTreeOrder.swift in Sources */ = {isa = PBXBuildFile; fileRef = D012C69F2D437C3300ABF03C /* KDTreeOrder.swift */; };
		D05BB4E72D3E28DF00E244A7 /* TripPlannerApp.swift in Sources */ = {isa = PBXBuildFile; fileRef = D05BB4E62D3E28DF00E244A7 /* TripPlannerApp.swift */; };
		D05BB4E92D3E28DF00E244A7 /* ContentView.swift in Sources */ = {isa = PBXBuildFile; fileRef = D05BB4E82D3E28DF00E244A7 /* ContentView.swift */; };
		D05BB4EB2D3E28E200E244A7 /* Assets.xcassets in Resources */ = {isa = PBXBuildFile; fileRef = D05BB4EA2D3E28E200E244A7 /* Assets.xcassets */; };
		D05BB4EE2D3E28E200E244A7 /* Preview Assets.xcassets in Resources */ = {isa = PBXBuildFile; fileRef = D05BB4ED2D3E28E200E244A7 /* Preview Assets.xcassets */; };
		D05BB4F82D3E28E200E244A7 /* TripPlannerTests.swift in Sources */ = {isa = PBXBuildFile; fileRef = D05BB4F72D3E28E200E244A7 /* TripPlannerTests.swift */; };
		D05BB5022D3E28E200E244A7 /* TripPlannerUITests.swift in Sources */ = {isa = PBXBuildFile; fileRef = D05BB5012D3E28E200E244A7 /* TripPlannerUITests.swift */; };
		D05BB5042D3E28E200E244A7 /* TripPlannerUITestsLaunchTests.swift in Sources */ = {isa = PBXBuildFile; fileRef = D05BB5032D3E28E200E244A7 /* TripPlannerUITestsLaunchTests.swift */; };
		D05BB5302D3E2D1900E244A7 /* transfer.txt in Resources */ = {isa = PBXBuildFile; fileRef = D05BB5272D3E2D1700E244A7 /* transfer.txt */; };
		D05BB5312D3E2D1900E244A7 /* stop_times.txt in Resources */ = {isa = PBXBuildFile; fileRef = D05BB5282D3E2D1800E244A7 /* stop_times.txt */; };
		D05BB5322D3E2D1900E244A7 /* frequencies.txt in Resources */ = {isa = PBXBuildFile; fileRef = D05BB5292D3E2D1800E244A7 /* frequencies.txt */; };
		D05BB5332D3E2D1900E244A7 /* routes.txt in Resources */ = {isa = PBXBuildFile; fileRef = D05BB52A2D3E2D1800E244A7 /* routes.txt */; };
		D05BB5342D3E2D1900E244A7 /* agency.txt in Resources */ = {isa = PBXBuildFile; fileRef = D05BB52B2D3E2D1800E244A7 /* agency.txt */; };
		D05BB5352D3E2D1900E244A7 /* trips.txt in Resources */ = {isa = PBXBuildFile; fileRef = D05BB52C2D3E2D1800E244A7 /* trips.txt */; };
		D05BB5362D3E2D1900E244A7 /* stops.txt in Resources */ = {isa = PBXBuildFile; fileRef = D05BB52D2D3E2D1800E244A7 /* stops.txt */; };
		D05BB5372D3E2D1900E244A7 /* calendar.txt in Resources */ = {isa = PBXBuildFile; fileRef = D05BB52E2D3E2D1800E244A7 /* calendar.txt */; };
		D05BB5382D3E2D1900E244A7 /* shapes.txt in Resources */ = {isa = PBXBuildFile; fileRef = D05BB52F2D3E2D1900E244A7 /* shapes.txt */; };
		D070E81F2D45936100CCCF7A /* Color+Extensions.swift in Sources */ = {isa = PBXBuildFile; fileRef = D070E81E2D45936100CCCF7A /* Color+Extensions.swift */; };
		D070E8212D4594A600CCCF7A /* Trip+Extensions.swift in Sources */ = {isa = PBXBuildFile; fileRef = D070E8202D4594A600CCCF7A /* Trip+Extensions.swift */; };
		D070E8232D4594F000CCCF7A /* GTFSCalendar+Extensions.swift in Sources */ = {isa = PBXBuildFile; fileRef = D070E8222D4594F000CCCF7A /* GTFSCalendar+Extensions.swift */; };
		D070E8252D45953400CCCF7A /* Stop+Extensions.swift in Sources */ = {isa = PBXBuildFile; fileRef = D070E8242D45953400CCCF7A /* Stop+Extensions.swift */; };
		D070E8272D4595B600CCCF7A /* GTFSShape+Extensions.swift in Sources */ = {isa = PBXBuildFile; fileRef = D070E8262D4595B600CCCF7A /* GTFSShape+Extensions.swift */; };
		D070E82A2D45976700CCCF7A /* AppRegion.swift in Sources */ = {isa = PBXBuildFile; fileRef = D070E8292D45976700CCCF7A /* AppRegion.swift */; };
		D070E82C2D45983500CCCF7A /* JourneyComponent.swift in Sources */ = {isa = PBXBuildFile; fileRef = D070E82B2D45983500CCCF7A /* JourneyComponent.swift */; };
		D07294582D4395E4009A6316 /* TripPlannerView.swift in Sources */ = {isa = PBXBuildFile; fileRef = D07294572D4395E4009A6316 /* TripPlannerView.swift */; };
		D072945A2D4396CC009A6316 /* RouteListView.swift in Sources */ = {isa = PBXBuildFile; fileRef = D07294592D4396CC009A6316 /* RouteListView.swift */; };
		D075442F2D3E4FD000528817 /* Constantstinopolis.swift in Sources */ = {isa = PBXBuildFile; fileRef = D075442E2D3E4FD000528817 /* Constantstinopolis.swift */; };
		D075443A2D3E4FE000528817 /* Stop.swift in Sources */ = {isa = PBXBuildFile; fileRef = D07544302D3E4FDF00528817 /* Stop.swift */; };
		D075443B2D3E4FE000528817 /* Transfer.swift in Sources */ = {isa = PBXBuildFile; fileRef = D07544312D3E4FDF00528817 /* Transfer.swift */; };
		D075443C2D3E4FE000528817 /* StopTime.swift in Sources */ = {isa = PBXBuildFile; fileRef = D07544322D3E4FE000528817 /* StopTime.swift */; };
		D075443D2D3E4FE000528817 /* GTFSShape.swift in Sources */ = {isa = PBXBuildFile; fileRef = D07544332D3E4FE000528817 /* GTFSShape.swift */; };
		D075443E2D3E4FE000528817 /* GTFSCalendar.swift in Sources */ = {isa = PBXBuildFile; fileRef = D07544342D3E4FE000528817 /* GTFSCalendar.swift */; };
		D075443F2D3E4FE000528817 /* Trip.swift in Sources */ = {isa = PBXBuildFile; fileRef = D07544352D3E4FE000528817 /* Trip.swift */; };
		D07544402D3E4FE000528817 /* Agency.swift in Sources */ = {isa = PBXBuildFile; fileRef = D07544362D3E4FE000528817 /* Agency.swift */; };
		D07544412D3E4FE000528817 /* GTFS.swift in Sources */ = {isa = PBXBuildFile; fileRef = D07544372D3E4FE000528817 /* GTFS.swift */; };
		D07544422D3E4FE000528817 /* Route.swift in Sources */ = {isa = PBXBuildFile; fileRef = D07544382D3E4FE000528817 /* Route.swift */; };
		D07544432D3E4FE000528817 /* Frequency.swift in Sources */ = {isa = PBXBuildFile; fileRef = D07544392D3E4FE000528817 /* Frequency.swift */; };
		D07544472D3E500600528817 /* CSVDecodable.swift in Sources */ = {isa = PBXBuildFile; fileRef = D07544452D3E500600528817 /* CSVDecodable.swift */; };
		D07544482D3E500600528817 /* GTFS Manager.swift in Sources */ = {isa = PBXBuildFile; fileRef = D07544462D3E500600528817 /* GTFS Manager.swift */; };
/* End PBXBuildFile section */

/* Begin PBXContainerItemProxy section */
		D05BB4F42D3E28E200E244A7 /* PBXContainerItemProxy */ = {
			isa = PBXContainerItemProxy;
			containerPortal = D05BB4DB2D3E28DF00E244A7 /* Project object */;
			proxyType = 1;
			remoteGlobalIDString = D05BB4E22D3E28DF00E244A7;
			remoteInfo = TripPlanner;
		};
		D05BB4FE2D3E28E200E244A7 /* PBXContainerItemProxy */ = {
			isa = PBXContainerItemProxy;
			containerPortal = D05BB4DB2D3E28DF00E244A7 /* Project object */;
			proxyType = 1;
			remoteGlobalIDString = D05BB4E22D3E28DF00E244A7;
			remoteInfo = TripPlanner;
		};
/* End PBXContainerItemProxy section */

/* Begin PBXFileReference section */
		D01093172D3F85F200B89E30 /* TripPlanner.swift */ = {isa = PBXFileReference; lastKnownFileType = sourcecode.swift; path = TripPlanner.swift; sourceTree = "<group>"; };
		D01093192D3F863000B89E30 /* KDTree+CustomStringConvertible.swift */ = {isa = PBXFileReference; fileEncoding = 4; lastKnownFileType = sourcecode.swift; path = "KDTree+CustomStringConvertible.swift"; sourceTree = "<group>"; };
		D010931A2D3F863000B89E30 /* KDTree+Sequence.swift */ = {isa = PBXFileReference; fileEncoding = 4; lastKnownFileType = sourcecode.swift; path = "KDTree+Sequence.swift"; sourceTree = "<group>"; };
		D010931B2D3F863000B89E30 /* CGPoint+KDTreePoint.swift */ = {isa = PBXFileReference; fileEncoding = 4; lastKnownFileType = sourcecode.swift; path = "CGPoint+KDTreePoint.swift"; sourceTree = "<group>"; };
		D010931C2D3F863000B89E30 /* KDTree+Equatable.swift */ = {isa = PBXFileReference; fileEncoding = 4; lastKnownFileType = sourcecode.swift; path = "KDTree+Equatable.swift"; sourceTree = "<group>"; };
		D010931D2D3F863100B89E30 /* KDTree+Codable.swift */ = {isa = PBXFileReference; fileEncoding = 4; lastKnownFileType = sourcecode.swift; path = "KDTree+Codable.swift"; sourceTree = "<group>"; };
		D010931E2D3F863100B89E30 /* KDTree.swift */ = {isa = PBXFileReference; fileEncoding = 4; lastKnownFileType = sourcecode.swift; path = KDTree.swift; sourceTree = "<group>"; };
		D010931F2D3F863100B89E30 /* KDTree+NearestNeighbour.swift */ = {isa = PBXFileReference; fileEncoding = 4; lastKnownFileType = sourcecode.swift; path = "KDTree+NearestNeighbour.swift"; sourceTree = "<group>"; };
		D01093202D3F863100B89E30 /* KDTree+RangeSearch.swift */ = {isa = PBXFileReference; fileEncoding = 4; lastKnownFileType = sourcecode.swift; path = "KDTree+RangeSearch.swift"; sourceTree = "<group>"; };
		D01093212D3F863100B89E30 /* KDTreePoint.swift */ = {isa = PBXFileReference; fileEncoding = 4; lastKnownFileType = sourcecode.swift; path = KDTreePoint.swift; sourceTree = "<group>"; };
		D010932C2D3F881B00B89E30 /* EquirectangularStop.swift */ = {isa = PBXFileReference; lastKnownFileType = sourcecode.swift; path = EquirectangularStop.swift; sourceTree = "<group>"; };
		D010932E2D3F88BD00B89E30 /* EquirectangularProjection.swift */ = {isa = PBXFileReference; lastKnownFileType = sourcecode.swift; path = EquirectangularProjection.swift; sourceTree = "<group>"; };
		D01093302D3F894100B89E30 /* CLLocationCoordinate2D+Extensions.swift */ = {isa = PBXFileReference; lastKnownFileType = sourcecode.swift; path = "CLLocationCoordinate2D+Extensions.swift"; sourceTree = "<group>"; };
		D01093342D3F8CDE00B89E30 /* ComputedData.swift */ = {isa = PBXFileReference; lastKnownFileType = sourcecode.swift; path = ComputedData.swift; sourceTree = "<group>"; };
		D01093362D3F93D700B89E30 /* RouteComponent.swift */ = {isa = PBXFileReference; lastKnownFileType = sourcecode.swift; path = RouteComponent.swift; sourceTree = "<group>"; };
		D012C69F2D437C3300ABF03C /* KDTreeOrder.swift */ = {isa = PBXFileReference; lastKnownFileType = sourcecode.swift; path = KDTreeOrder.swift; sourceTree = "<group>"; };
		D05BB4E32D3E28DF00E244A7 /* TripPlanner.app */ = {isa = PBXFileReference; explicitFileType = wrapper.application; includeInIndex = 0; path = TripPlanner.app; sourceTree = BUILT_PRODUCTS_DIR; };
		D05BB4E62D3E28DF00E244A7 /* TripPlannerApp.swift */ = {isa = PBXFileReference; lastKnownFileType = sourcecode.swift; path = TripPlannerApp.swift; sourceTree = "<group>"; };
		D05BB4E82D3E28DF00E244A7 /* ContentView.swift */ = {isa = PBXFileReference; lastKnownFileType = sourcecode.swift; path = ContentView.swift; sourceTree = "<group>"; };
		D05BB4EA2D3E28E200E244A7 /* Assets.xcassets */ = {isa = PBXFileReference; lastKnownFileType = folder.assetcatalog; path = Assets.xcassets; sourceTree = "<group>"; };
		D05BB4ED2D3E28E200E244A7 /* Preview Assets.xcassets */ = {isa = PBXFileReference; lastKnownFileType = folder.assetcatalog; path = "Preview Assets.xcassets"; sourceTree = "<group>"; };
		D05BB4F32D3E28E200E244A7 /* TripPlannerTests.xctest */ = {isa = PBXFileReference; explicitFileType = wrapper.cfbundle; includeInIndex = 0; path = TripPlannerTests.xctest; sourceTree = BUILT_PRODUCTS_DIR; };
		D05BB4F72D3E28E200E244A7 /* TripPlannerTests.swift */ = {isa = PBXFileReference; lastKnownFileType = sourcecode.swift; path = TripPlannerTests.swift; sourceTree = "<group>"; };
		D05BB4FD2D3E28E200E244A7 /* TripPlannerUITests.xctest */ = {isa = PBXFileReference; explicitFileType = wrapper.cfbundle; includeInIndex = 0; path = TripPlannerUITests.xctest; sourceTree = BUILT_PRODUCTS_DIR; };
		D05BB5012D3E28E200E244A7 /* TripPlannerUITests.swift */ = {isa = PBXFileReference; lastKnownFileType = sourcecode.swift; path = TripPlannerUITests.swift; sourceTree = "<group>"; };
		D05BB5032D3E28E200E244A7 /* TripPlannerUITestsLaunchTests.swift */ = {isa = PBXFileReference; lastKnownFileType = sourcecode.swift; path = TripPlannerUITestsLaunchTests.swift; sourceTree = "<group>"; };
		D05BB5272D3E2D1700E244A7 /* transfer.txt */ = {isa = PBXFileReference; fileEncoding = 4; lastKnownFileType = text; path = transfer.txt; sourceTree = "<group>"; };
		D05BB5282D3E2D1800E244A7 /* stop_times.txt */ = {isa = PBXFileReference; fileEncoding = 4; lastKnownFileType = text; path = stop_times.txt; sourceTree = "<group>"; };
		D05BB5292D3E2D1800E244A7 /* frequencies.txt */ = {isa = PBXFileReference; fileEncoding = 4; lastKnownFileType = text; path = frequencies.txt; sourceTree = "<group>"; };
		D05BB52A2D3E2D1800E244A7 /* routes.txt */ = {isa = PBXFileReference; fileEncoding = 4; lastKnownFileType = text; path = routes.txt; sourceTree = "<group>"; };
		D05BB52B2D3E2D1800E244A7 /* agency.txt */ = {isa = PBXFileReference; fileEncoding = 4; lastKnownFileType = text; path = agency.txt; sourceTree = "<group>"; };
		D05BB52C2D3E2D1800E244A7 /* trips.txt */ = {isa = PBXFileReference; fileEncoding = 4; lastKnownFileType = text; path = trips.txt; sourceTree = "<group>"; };
		D05BB52D2D3E2D1800E244A7 /* stops.txt */ = {isa = PBXFileReference; fileEncoding = 4; lastKnownFileType = text; path = stops.txt; sourceTree = "<group>"; };
		D05BB52E2D3E2D1800E244A7 /* calendar.txt */ = {isa = PBXFileReference; fileEncoding = 4; lastKnownFileType = text; path = calendar.txt; sourceTree = "<group>"; };
		D05BB52F2D3E2D1900E244A7 /* shapes.txt */ = {isa = PBXFileReference; fileEncoding = 4; lastKnownFileType = text; path = shapes.txt; sourceTree = "<group>"; };
		D070E81E2D45936100CCCF7A /* Color+Extensions.swift */ = {isa = PBXFileReference; fileEncoding = 4; lastKnownFileType = sourcecode.swift; path = "Color+Extensions.swift"; sourceTree = "<group>"; };
		D070E8202D4594A600CCCF7A /* Trip+Extensions.swift */ = {isa = PBXFileReference; lastKnownFileType = sourcecode.swift; path = "Trip+Extensions.swift"; sourceTree = "<group>"; };
		D070E8222D4594F000CCCF7A /* GTFSCalendar+Extensions.swift */ = {isa = PBXFileReference; lastKnownFileType = sourcecode.swift; path = "GTFSCalendar+Extensions.swift"; sourceTree = "<group>"; };
		D070E8242D45953400CCCF7A /* Stop+Extensions.swift */ = {isa = PBXFileReference; lastKnownFileType = sourcecode.swift; path = "Stop+Extensions.swift"; sourceTree = "<group>"; };
		D070E8262D4595B600CCCF7A /* GTFSShape+Extensions.swift */ = {isa = PBXFileReference; lastKnownFileType = sourcecode.swift; path = "GTFSShape+Extensions.swift"; sourceTree = "<group>"; };
		D070E8292D45976700CCCF7A /* AppRegion.swift */ = {isa = PBXFileReference; lastKnownFileType = sourcecode.swift; path = AppRegion.swift; sourceTree = "<group>"; };
		D070E82B2D45983500CCCF7A /* JourneyComponent.swift */ = {isa = PBXFileReference; lastKnownFileType = sourcecode.swift; path = JourneyComponent.swift; sourceTree = "<group>"; };
		D07294572D4395E4009A6316 /* TripPlannerView.swift */ = {isa = PBXFileReference; lastKnownFileType = sourcecode.swift; path = TripPlannerView.swift; sourceTree = "<group>"; };
		D07294592D4396CC009A6316 /* RouteListView.swift */ = {isa = PBXFileReference; lastKnownFileType = sourcecode.swift; path = RouteListView.swift; sourceTree = "<group>"; };
		D075442E2D3E4FD000528817 /* Constantstinopolis.swift */ = {isa = PBXFileReference; fileEncoding = 4; lastKnownFileType = sourcecode.swift; path = Constantstinopolis.swift; sourceTree = "<group>"; };
		D07544302D3E4FDF00528817 /* Stop.swift */ = {isa = PBXFileReference; fileEncoding = 4; lastKnownFileType = sourcecode.swift; path = Stop.swift; sourceTree = "<group>"; };
		D07544312D3E4FDF00528817 /* Transfer.swift */ = {isa = PBXFileReference; fileEncoding = 4; lastKnownFileType = sourcecode.swift; path = Transfer.swift; sourceTree = "<group>"; };
		D07544322D3E4FE000528817 /* StopTime.swift */ = {isa = PBXFileReference; fileEncoding = 4; lastKnownFileType = sourcecode.swift; path = StopTime.swift; sourceTree = "<group>"; };
		D07544332D3E4FE000528817 /* GTFSShape.swift */ = {isa = PBXFileReference; fileEncoding = 4; lastKnownFileType = sourcecode.swift; path = GTFSShape.swift; sourceTree = "<group>"; };
		D07544342D3E4FE000528817 /* GTFSCalendar.swift */ = {isa = PBXFileReference; fileEncoding = 4; lastKnownFileType = sourcecode.swift; path = GTFSCalendar.swift; sourceTree = "<group>"; };
		D07544352D3E4FE000528817 /* Trip.swift */ = {isa = PBXFileReference; fileEncoding = 4; lastKnownFileType = sourcecode.swift; path = Trip.swift; sourceTree = "<group>"; };
		D07544362D3E4FE000528817 /* Agency.swift */ = {isa = PBXFileReference; fileEncoding = 4; lastKnownFileType = sourcecode.swift; path = Agency.swift; sourceTree = "<group>"; };
		D07544372D3E4FE000528817 /* GTFS.swift */ = {isa = PBXFileReference; fileEncoding = 4; lastKnownFileType = sourcecode.swift; path = GTFS.swift; sourceTree = "<group>"; };
		D07544382D3E4FE000528817 /* Route.swift */ = {isa = PBXFileReference; fileEncoding = 4; lastKnownFileType = sourcecode.swift; path = Route.swift; sourceTree = "<group>"; };
		D07544392D3E4FE000528817 /* Frequency.swift */ = {isa = PBXFileReference; fileEncoding = 4; lastKnownFileType = sourcecode.swift; path = Frequency.swift; sourceTree = "<group>"; };
		D07544452D3E500600528817 /* CSVDecodable.swift */ = {isa = PBXFileReference; fileEncoding = 4; lastKnownFileType = sourcecode.swift; path = CSVDecodable.swift; sourceTree = "<group>"; };
		D07544462D3E500600528817 /* GTFS Manager.swift */ = {isa = PBXFileReference; fileEncoding = 4; lastKnownFileType = sourcecode.swift; path = "GTFS Manager.swift"; sourceTree = "<group>"; };
/* End PBXFileReference section */

/* Begin PBXFrameworksBuildPhase section */
		D05BB4E02D3E28DF00E244A7 /* Frameworks */ = {
			isa = PBXFrameworksBuildPhase;
			buildActionMask = 2147483647;
			files = (
			);
			runOnlyForDeploymentPostprocessing = 0;
		};
		D05BB4F02D3E28E200E244A7 /* Frameworks */ = {
			isa = PBXFrameworksBuildPhase;
			buildActionMask = 2147483647;
			files = (
			);
			runOnlyForDeploymentPostprocessing = 0;
		};
		D05BB4FA2D3E28E200E244A7 /* Frameworks */ = {
			isa = PBXFrameworksBuildPhase;
			buildActionMask = 2147483647;
			files = (
			);
			runOnlyForDeploymentPostprocessing = 0;
		};
/* End PBXFrameworksBuildPhase section */

/* Begin PBXGroup section */
		D010932B2D3F863900B89E30 /* KDTree */ = {
			isa = PBXGroup;
			children = (
				D012C6A32D437D2F00ABF03C /* Custom Conformances */,
				D010931B2D3F863000B89E30 /* CGPoint+KDTreePoint.swift */,
				D010931E2D3F863100B89E30 /* KDTree.swift */,
				D010931D2D3F863100B89E30 /* KDTree+Codable.swift */,
				D01093192D3F863000B89E30 /* KDTree+CustomStringConvertible.swift */,
				D010931C2D3F863000B89E30 /* KDTree+Equatable.swift */,
				D010931F2D3F863100B89E30 /* KDTree+NearestNeighbour.swift */,
				D01093202D3F863100B89E30 /* KDTree+RangeSearch.swift */,
				D010931A2D3F863000B89E30 /* KDTree+Sequence.swift */,
				D01093212D3F863100B89E30 /* KDTreePoint.swift */,
			);
			path = KDTree;
			sourceTree = "<group>";
		};
		D01093322D3F895D00B89E30 /* Extensions */ = {
			isa = PBXGroup;
			children = (
				D01093302D3F894100B89E30 /* CLLocationCoordinate2D+Extensions.swift */,
				D070E81E2D45936100CCCF7A /* Color+Extensions.swift */,
				D070E8222D4594F000CCCF7A /* GTFSCalendar+Extensions.swift */,
				D070E8262D4595B600CCCF7A /* GTFSShape+Extensions.swift */,
				D070E8242D45953400CCCF7A /* Stop+Extensions.swift */,
				D070E8202D4594A600CCCF7A /* Trip+Extensions.swift */,
			);
			path = Extensions;
			sourceTree = "<group>";
		};
		D01093332D3F897D00B89E30 /* Equirectangular */ = {
			isa = PBXGroup;
			children = (
				D010932C2D3F881B00B89E30 /* EquirectangularStop.swift */,
				D010932E2D3F88BD00B89E30 /* EquirectangularProjection.swift */,
			);
			path = Equirectangular;
			sourceTree = "<group>";
		};
		D01093382D3F985600B89E30 /* Trip Planner */ = {
			isa = PBXGroup;
			children = (
				D01093172D3F85F200B89E30 /* TripPlanner.swift */,
				D01093342D3F8CDE00B89E30 /* ComputedData.swift */,
				D01093362D3F93D700B89E30 /* RouteComponent.swift */,
			);
			path = "Trip Planner";
			sourceTree = "<group>";
		};
		D012C6A32D437D2F00ABF03C /* Custom Conformances */ = {
			isa = PBXGroup;
			children = (
				D012C69F2D437C3300ABF03C /* KDTreeOrder.swift */,
			);
			path = "Custom Conformances";
			sourceTree = "<group>";
		};
		D05BB4DA2D3E28DF00E244A7 = {
			isa = PBXGroup;
			children = (
				D05BB4E52D3E28DF00E244A7 /* TripPlanner */,
				D05BB4F62D3E28E200E244A7 /* TripPlannerTests */,
				D05BB5002D3E28E200E244A7 /* TripPlannerUITests */,
				D05BB4E42D3E28DF00E244A7 /* Products */,
			);
			sourceTree = "<group>";
		};
		D05BB4E42D3E28DF00E244A7 /* Products */ = {
			isa = PBXGroup;
			children = (
				D05BB4E32D3E28DF00E244A7 /* TripPlanner.app */,
				D05BB4F32D3E28E200E244A7 /* TripPlannerTests.xctest */,
				D05BB4FD2D3E28E200E244A7 /* TripPlannerUITests.xctest */,
			);
			name = Products;
			sourceTree = "<group>";
		};
		D05BB4E52D3E28DF00E244A7 /* TripPlanner */ = {
			isa = PBXGroup;
			children = (
				D05BB4E62D3E28DF00E244A7 /* TripPlannerApp.swift */,
				D075444A2D3E501200528817 /* Model */,
				D070E8282D45971B00CCCF7A /* View */,
				D05BB4EA2D3E28E200E244A7 /* Assets.xcassets */,
				D010932B2D3F863900B89E30 /* KDTree */,
				D01093322D3F895D00B89E30 /* Extensions */,
				D05BB5392D3E2D2300E244A7 /* Singapore GTFS Data */,
				D05BB4EC2D3E28E200E244A7 /* Preview Content */,
			);
			path = TripPlanner;
			sourceTree = "<group>";
		};
		D05BB4EC2D3E28E200E244A7 /* Preview Content */ = {
			isa = PBXGroup;
			children = (
				D05BB4ED2D3E28E200E244A7 /* Preview Assets.xcassets */,
			);
			path = "Preview Content";
			sourceTree = "<group>";
		};
		D05BB4F62D3E28E200E244A7 /* TripPlannerTests */ = {
			isa = PBXGroup;
			children = (
				D05BB4F72D3E28E200E244A7 /* TripPlannerTests.swift */,
			);
			path = TripPlannerTests;
			sourceTree = "<group>";
		};
		D05BB5002D3E28E200E244A7 /* TripPlannerUITests */ = {
			isa = PBXGroup;
			children = (
				D05BB5012D3E28E200E244A7 /* TripPlannerUITests.swift */,
				D05BB5032D3E28E200E244A7 /* TripPlannerUITestsLaunchTests.swift */,
			);
			path = TripPlannerUITests;
			sourceTree = "<group>";
		};
		D05BB5392D3E2D2300E244A7 /* Singapore GTFS Data */ = {
			isa = PBXGroup;
			children = (
				D05BB52B2D3E2D1800E244A7 /* agency.txt */,
				D05BB52E2D3E2D1800E244A7 /* calendar.txt */,
				D05BB5292D3E2D1800E244A7 /* frequencies.txt */,
				D05BB52A2D3E2D1800E244A7 /* routes.txt */,
				D05BB52F2D3E2D1900E244A7 /* shapes.txt */,
				D05BB5282D3E2D1800E244A7 /* stop_times.txt */,
				D05BB52D2D3E2D1800E244A7 /* stops.txt */,
				D05BB5272D3E2D1700E244A7 /* transfer.txt */,
				D05BB52C2D3E2D1800E244A7 /* trips.txt */,
			);
			path = "Singapore GTFS Data";
			sourceTree = "<group>";
		};
		D070E8282D45971B00CCCF7A /* View */ = {
			isa = PBXGroup;
			children = (
				D07294572D4395E4009A6316 /* TripPlannerView.swift */,
				D07294592D4396CC009A6316 /* RouteListView.swift */,
				D05BB4E82D3E28DF00E244A7 /* ContentView.swift */,
				D070E82D2D45984500CCCF7A /* Helper Files */,
			);
			path = View;
			sourceTree = "<group>";
		};
		D070E82D2D45984500CCCF7A /* Helper Files */ = {
			isa = PBXGroup;
			children = (
				D070E82B2D45983500CCCF7A /* JourneyComponent.swift */,
			);
			path = "Helper Files";
			sourceTree = "<group>";
		};
		D07544442D3E4FEA00528817 /* GTFS Models */ = {
			isa = PBXGroup;
			children = (
				D07544362D3E4FE000528817 /* Agency.swift */,
				D07544392D3E4FE000528817 /* Frequency.swift */,
				D07544372D3E4FE000528817 /* GTFS.swift */,
				D07544342D3E4FE000528817 /* GTFSCalendar.swift */,
				D07544332D3E4FE000528817 /* GTFSShape.swift */,
				D07544382D3E4FE000528817 /* Route.swift */,
				D07544302D3E4FDF00528817 /* Stop.swift */,
				D07544322D3E4FE000528817 /* StopTime.swift */,
				D07544312D3E4FDF00528817 /* Transfer.swift */,
				D07544352D3E4FE000528817 /* Trip.swift */,
			);
			path = "GTFS Models";
			sourceTree = "<group>";
		};
		D07544492D3E500B00528817 /* GTFS */ = {
			isa = PBXGroup;
			children = (
				D07544452D3E500600528817 /* CSVDecodable.swift */,
				D07544462D3E500600528817 /* GTFS Manager.swift */,
				D07544442D3E4FEA00528817 /* GTFS Models */,
			);
			path = GTFS;
			sourceTree = "<group>";
		};
		D075444A2D3E501200528817 /* Model */ = {
			isa = PBXGroup;
			children = (
				D070E8292D45976700CCCF7A /* AppRegion.swift */,
				D075442E2D3E4FD000528817 /* Constantstinopolis.swift */,
				D07544492D3E500B00528817 /* GTFS */,
				D01093332D3F897D00B89E30 /* Equirectangular */,
				D01093382D3F985600B89E30 /* Trip Planner */,
			);
			path = Model;
			sourceTree = "<group>";
		};
/* End PBXGroup section */

/* Begin PBXNativeTarget section */
		D05BB4E22D3E28DF00E244A7 /* TripPlanner */ = {
			isa = PBXNativeTarget;
			buildConfigurationList = D05BB5072D3E28E200E244A7 /* Build configuration list for PBXNativeTarget "TripPlanner" */;
			buildPhases = (
				D05BB4DF2D3E28DF00E244A7 /* Sources */,
				D05BB4E02D3E28DF00E244A7 /* Frameworks */,
				D05BB4E12D3E28DF00E244A7 /* Resources */,
			);
			buildRules = (
			);
			dependencies = (
			);
			name = TripPlanner;
			productName = TripPlanner;
			productReference = D05BB4E32D3E28DF00E244A7 /* TripPlanner.app */;
			productType = "com.apple.product-type.application";
		};
		D05BB4F22D3E28E200E244A7 /* TripPlannerTests */ = {
			isa = PBXNativeTarget;
			buildConfigurationList = D05BB50A2D3E28E200E244A7 /* Build configuration list for PBXNativeTarget "TripPlannerTests" */;
			buildPhases = (
				D05BB4EF2D3E28E200E244A7 /* Sources */,
				D05BB4F02D3E28E200E244A7 /* Frameworks */,
				D05BB4F12D3E28E200E244A7 /* Resources */,
			);
			buildRules = (
			);
			dependencies = (
				D05BB4F52D3E28E200E244A7 /* PBXTargetDependency */,
			);
			name = TripPlannerTests;
			productName = TripPlannerTests;
			productReference = D05BB4F32D3E28E200E244A7 /* TripPlannerTests.xctest */;
			productType = "com.apple.product-type.bundle.unit-test";
		};
		D05BB4FC2D3E28E200E244A7 /* TripPlannerUITests */ = {
			isa = PBXNativeTarget;
			buildConfigurationList = D05BB50D2D3E28E200E244A7 /* Build configuration list for PBXNativeTarget "TripPlannerUITests" */;
			buildPhases = (
				D05BB4F92D3E28E200E244A7 /* Sources */,
				D05BB4FA2D3E28E200E244A7 /* Frameworks */,
				D05BB4FB2D3E28E200E244A7 /* Resources */,
			);
			buildRules = (
			);
			dependencies = (
				D05BB4FF2D3E28E200E244A7 /* PBXTargetDependency */,
			);
			name = TripPlannerUITests;
			productName = TripPlannerUITests;
			productReference = D05BB4FD2D3E28E200E244A7 /* TripPlannerUITests.xctest */;
			productType = "com.apple.product-type.bundle.ui-testing";
		};
/* End PBXNativeTarget section */

/* Begin PBXProject section */
		D05BB4DB2D3E28DF00E244A7 /* Project object */ = {
			isa = PBXProject;
			attributes = {
				BuildIndependentTargetsInParallel = 1;
				LastSwiftUpdateCheck = 1520;
				LastUpgradeCheck = 1520;
				TargetAttributes = {
					D05BB4E22D3E28DF00E244A7 = {
						CreatedOnToolsVersion = 15.2;
					};
					D05BB4F22D3E28E200E244A7 = {
						CreatedOnToolsVersion = 15.2;
						TestTargetID = D05BB4E22D3E28DF00E244A7;
					};
					D05BB4FC2D3E28E200E244A7 = {
						CreatedOnToolsVersion = 15.2;
						TestTargetID = D05BB4E22D3E28DF00E244A7;
					};
				};
			};
			buildConfigurationList = D05BB4DE2D3E28DF00E244A7 /* Build configuration list for PBXProject "TripPlanner" */;
			compatibilityVersion = "Xcode 14.0";
			developmentRegion = en;
			hasScannedForEncodings = 0;
			knownRegions = (
				en,
				Base,
			);
			mainGroup = D05BB4DA2D3E28DF00E244A7;
			productRefGroup = D05BB4E42D3E28DF00E244A7 /* Products */;
			projectDirPath = "";
			projectRoot = "";
			targets = (
				D05BB4E22D3E28DF00E244A7 /* TripPlanner */,
				D05BB4F22D3E28E200E244A7 /* TripPlannerTests */,
				D05BB4FC2D3E28E200E244A7 /* TripPlannerUITests */,
			);
		};
/* End PBXProject section */

/* Begin PBXResourcesBuildPhase section */
		D05BB4E12D3E28DF00E244A7 /* Resources */ = {
			isa = PBXResourcesBuildPhase;
			buildActionMask = 2147483647;
			files = (
				D05BB5372D3E2D1900E244A7 /* calendar.txt in Resources */,
				D05BB5322D3E2D1900E244A7 /* frequencies.txt in Resources */,
				D05BB5362D3E2D1900E244A7 /* stops.txt in Resources */,
				D05BB5352D3E2D1900E244A7 /* trips.txt in Resources */,
				D05BB5302D3E2D1900E244A7 /* transfer.txt in Resources */,
				D05BB5342D3E2D1900E244A7 /* agency.txt in Resources */,
				D05BB5332D3E2D1900E244A7 /* routes.txt in Resources */,
				D05BB4EE2D3E28E200E244A7 /* Preview Assets.xcassets in Resources */,
				D05BB5382D3E2D1900E244A7 /* shapes.txt in Resources */,
				D05BB4EB2D3E28E200E244A7 /* Assets.xcassets in Resources */,
				D05BB5312D3E2D1900E244A7 /* stop_times.txt in Resources */,
			);
			runOnlyForDeploymentPostprocessing = 0;
		};
		D05BB4F12D3E28E200E244A7 /* Resources */ = {
			isa = PBXResourcesBuildPhase;
			buildActionMask = 2147483647;
			files = (
			);
			runOnlyForDeploymentPostprocessing = 0;
		};
		D05BB4FB2D3E28E200E244A7 /* Resources */ = {
			isa = PBXResourcesBuildPhase;
			buildActionMask = 2147483647;
			files = (
			);
			runOnlyForDeploymentPostprocessing = 0;
		};
/* End PBXResourcesBuildPhase section */

/* Begin PBXSourcesBuildPhase section */
		D05BB4DF2D3E28DF00E244A7 /* Sources */ = {
			isa = PBXSourcesBuildPhase;
			buildActionMask = 2147483647;
			files = (
				D010932D2D3F881B00B89E30 /* EquirectangularStop.swift in Sources */,
				D07544482D3E500600528817 /* GTFS Manager.swift in Sources */,
				D012C6A02D437C3300ABF03C /* KDTreeOrder.swift in Sources */,
				D01093352D3F8CDE00B89E30 /* ComputedData.swift in Sources */,
				D01093262D3F863100B89E30 /* KDTree+Codable.swift in Sources */,
				D070E8272D4595B600CCCF7A /* GTFSShape+Extensions.swift in Sources */,
				D01093272D3F863100B89E30 /* KDTree.swift in Sources */,
				D075443D2D3E4FE000528817 /* GTFSShape.swift in Sources */,
				D070E8252D45953400CCCF7A /* Stop+Extensions.swift in Sources */,
				D075443C2D3E4FE000528817 /* StopTime.swift in Sources */,
				D010932A2D3F863100B89E30 /* KDTreePoint.swift in Sources */,
				D05BB4E92D3E28DF00E244A7 /* ContentView.swift in Sources */,
				D01093372D3F93D700B89E30 /* RouteComponent.swift in Sources */,
				D01093312D3F894100B89E30 /* CLLocationCoordinate2D+Extensions.swift in Sources */,
				D075443F2D3E4FE000528817 /* Trip.swift in Sources */,
				D075443E2D3E4FE000528817 /* GTFSCalendar.swift in Sources */,
				D01093292D3F863100B89E30 /* KDTree+RangeSearch.swift in Sources */,
				D01093242D3F863100B89E30 /* CGPoint+KDTreePoint.swift in Sources */,
				D070E8212D4594A600CCCF7A /* Trip+Extensions.swift in Sources */,
				D075443B2D3E4FE000528817 /* Transfer.swift in Sources */,
				D07544412D3E4FE000528817 /* GTFS.swift in Sources */,
				D010932F2D3F88BD00B89E30 /* EquirectangularProjection.swift in Sources */,
				D05BB4E72D3E28DF00E244A7 /* TripPlannerApp.swift in Sources */,
				D070E8232D4594F000CCCF7A /* GTFSCalendar+Extensions.swift in Sources */,
				D075442F2D3E4FD000528817 /* Constantstinopolis.swift in Sources */,
				D07544422D3E4FE000528817 /* Route.swift in Sources */,
				D01093282D3F863100B89E30 /* KDTree+NearestNeighbour.swift in Sources */,
				D01093222D3F863100B89E30 /* KDTree+CustomStringConvertible.swift in Sources */,
				D01093182D3F85F200B89E30 /* TripPlanner.swift in Sources */,
				D072945A2D4396CC009A6316 /* RouteListView.swift in Sources */,
				D07544472D3E500600528817 /* CSVDecodable.swift in Sources */,
				D070E81F2D45936100CCCF7A /* Color+Extensions.swift in Sources */,
				D070E82C2D45983500CCCF7A /* JourneyComponent.swift in Sources */,
				D07294582D4395E4009A6316 /* TripPlannerView.swift in Sources */,
				D070E82A2D45976700CCCF7A /* AppRegion.swift in Sources */,
				D01093252D3F863100B89E30 /* KDTree+Equatable.swift in Sources */,
				D07544402D3E4FE000528817 /* Agency.swift in Sources */,
				D01093232D3F863100B89E30 /* KDTree+Sequence.swift in Sources */,
				D07544432D3E4FE000528817 /* Frequency.swift in Sources */,
				D075443A2D3E4FE000528817 /* Stop.swift in Sources */,
			);
			runOnlyForDeploymentPostprocessing = 0;
		};
		D05BB4EF2D3E28E200E244A7 /* Sources */ = {
			isa = PBXSourcesBuildPhase;
			buildActionMask = 2147483647;
			files = (
				D05BB4F82D3E28E200E244A7 /* TripPlannerTests.swift in Sources */,
			);
			runOnlyForDeploymentPostprocessing = 0;
		};
		D05BB4F92D3E28E200E244A7 /* Sources */ = {
			isa = PBXSourcesBuildPhase;
			buildActionMask = 2147483647;
			files = (
				D05BB5042D3E28E200E244A7 /* TripPlannerUITestsLaunchTests.swift in Sources */,
				D05BB5022D3E28E200E244A7 /* TripPlannerUITests.swift in Sources */,
			);
			runOnlyForDeploymentPostprocessing = 0;
		};
/* End PBXSourcesBuildPhase section */

/* Begin PBXTargetDependency section */
		D05BB4F52D3E28E200E244A7 /* PBXTargetDependency */ = {
			isa = PBXTargetDependency;
			target = D05BB4E22D3E28DF00E244A7 /* TripPlanner */;
			targetProxy = D05BB4F42D3E28E200E244A7 /* PBXContainerItemProxy */;
		};
		D05BB4FF2D3E28E200E244A7 /* PBXTargetDependency */ = {
			isa = PBXTargetDependency;
			target = D05BB4E22D3E28DF00E244A7 /* TripPlanner */;
			targetProxy = D05BB4FE2D3E28E200E244A7 /* PBXContainerItemProxy */;
		};
/* End PBXTargetDependency section */

/* Begin XCBuildConfiguration section */
		D05BB5052D3E28E200E244A7 /* Debug */ = {
			isa = XCBuildConfiguration;
			buildSettings = {
				ALWAYS_SEARCH_USER_PATHS = NO;
				ASSETCATALOG_COMPILER_GENERATE_SWIFT_ASSET_SYMBOL_EXTENSIONS = YES;
				CLANG_ANALYZER_NONNULL = YES;
				CLANG_ANALYZER_NUMBER_OBJECT_CONVERSION = YES_AGGRESSIVE;
				CLANG_CXX_LANGUAGE_STANDARD = "gnu++20";
				CLANG_ENABLE_MODULES = YES;
				CLANG_ENABLE_OBJC_ARC = YES;
				CLANG_ENABLE_OBJC_WEAK = YES;
				CLANG_WARN_BLOCK_CAPTURE_AUTORELEASING = YES;
				CLANG_WARN_BOOL_CONVERSION = YES;
				CLANG_WARN_COMMA = YES;
				CLANG_WARN_CONSTANT_CONVERSION = YES;
				CLANG_WARN_DEPRECATED_OBJC_IMPLEMENTATIONS = YES;
				CLANG_WARN_DIRECT_OBJC_ISA_USAGE = YES_ERROR;
				CLANG_WARN_DOCUMENTATION_COMMENTS = YES;
				CLANG_WARN_EMPTY_BODY = YES;
				CLANG_WARN_ENUM_CONVERSION = YES;
				CLANG_WARN_INFINITE_RECURSION = YES;
				CLANG_WARN_INT_CONVERSION = YES;
				CLANG_WARN_NON_LITERAL_NULL_CONVERSION = YES;
				CLANG_WARN_OBJC_IMPLICIT_RETAIN_SELF = YES;
				CLANG_WARN_OBJC_LITERAL_CONVERSION = YES;
				CLANG_WARN_OBJC_ROOT_CLASS = YES_ERROR;
				CLANG_WARN_QUOTED_INCLUDE_IN_FRAMEWORK_HEADER = YES;
				CLANG_WARN_RANGE_LOOP_ANALYSIS = YES;
				CLANG_WARN_STRICT_PROTOTYPES = YES;
				CLANG_WARN_SUSPICIOUS_MOVE = YES;
				CLANG_WARN_UNGUARDED_AVAILABILITY = YES_AGGRESSIVE;
				CLANG_WARN_UNREACHABLE_CODE = YES;
				CLANG_WARN__DUPLICATE_METHOD_MATCH = YES;
				COPY_PHASE_STRIP = NO;
				DEBUG_INFORMATION_FORMAT = dwarf;
				ENABLE_STRICT_OBJC_MSGSEND = YES;
				ENABLE_TESTABILITY = YES;
				ENABLE_USER_SCRIPT_SANDBOXING = YES;
				GCC_C_LANGUAGE_STANDARD = gnu17;
				GCC_DYNAMIC_NO_PIC = NO;
				GCC_NO_COMMON_BLOCKS = YES;
				GCC_OPTIMIZATION_LEVEL = 0;
				GCC_PREPROCESSOR_DEFINITIONS = (
					"DEBUG=1",
					"$(inherited)",
				);
				GCC_WARN_64_TO_32_BIT_CONVERSION = YES;
				GCC_WARN_ABOUT_RETURN_TYPE = YES_ERROR;
				GCC_WARN_UNDECLARED_SELECTOR = YES;
				GCC_WARN_UNINITIALIZED_AUTOS = YES_AGGRESSIVE;
				GCC_WARN_UNUSED_FUNCTION = YES;
				GCC_WARN_UNUSED_VARIABLE = YES;
				IPHONEOS_DEPLOYMENT_TARGET = 17.2;
				LOCALIZATION_PREFERS_STRING_CATALOGS = YES;
				MTL_ENABLE_DEBUG_INFO = INCLUDE_SOURCE;
				MTL_FAST_MATH = YES;
				ONLY_ACTIVE_ARCH = YES;
				SDKROOT = iphoneos;
				SWIFT_ACTIVE_COMPILATION_CONDITIONS = "DEBUG $(inherited)";
				SWIFT_OPTIMIZATION_LEVEL = "-Onone";
			};
			name = Debug;
		};
		D05BB5062D3E28E200E244A7 /* Release */ = {
			isa = XCBuildConfiguration;
			buildSettings = {
				ALWAYS_SEARCH_USER_PATHS = NO;
				ASSETCATALOG_COMPILER_GENERATE_SWIFT_ASSET_SYMBOL_EXTENSIONS = YES;
				CLANG_ANALYZER_NONNULL = YES;
				CLANG_ANALYZER_NUMBER_OBJECT_CONVERSION = YES_AGGRESSIVE;
				CLANG_CXX_LANGUAGE_STANDARD = "gnu++20";
				CLANG_ENABLE_MODULES = YES;
				CLANG_ENABLE_OBJC_ARC = YES;
				CLANG_ENABLE_OBJC_WEAK = YES;
				CLANG_WARN_BLOCK_CAPTURE_AUTORELEASING = YES;
				CLANG_WARN_BOOL_CONVERSION = YES;
				CLANG_WARN_COMMA = YES;
				CLANG_WARN_CONSTANT_CONVERSION = YES;
				CLANG_WARN_DEPRECATED_OBJC_IMPLEMENTATIONS = YES;
				CLANG_WARN_DIRECT_OBJC_ISA_USAGE = YES_ERROR;
				CLANG_WARN_DOCUMENTATION_COMMENTS = YES;
				CLANG_WARN_EMPTY_BODY = YES;
				CLANG_WARN_ENUM_CONVERSION = YES;
				CLANG_WARN_INFINITE_RECURSION = YES;
				CLANG_WARN_INT_CONVERSION = YES;
				CLANG_WARN_NON_LITERAL_NULL_CONVERSION = YES;
				CLANG_WARN_OBJC_IMPLICIT_RETAIN_SELF = YES;
				CLANG_WARN_OBJC_LITERAL_CONVERSION = YES;
				CLANG_WARN_OBJC_ROOT_CLASS = YES_ERROR;
				CLANG_WARN_QUOTED_INCLUDE_IN_FRAMEWORK_HEADER = YES;
				CLANG_WARN_RANGE_LOOP_ANALYSIS = YES;
				CLANG_WARN_STRICT_PROTOTYPES = YES;
				CLANG_WARN_SUSPICIOUS_MOVE = YES;
				CLANG_WARN_UNGUARDED_AVAILABILITY = YES_AGGRESSIVE;
				CLANG_WARN_UNREACHABLE_CODE = YES;
				CLANG_WARN__DUPLICATE_METHOD_MATCH = YES;
				COPY_PHASE_STRIP = NO;
				DEBUG_INFORMATION_FORMAT = "dwarf-with-dsym";
				ENABLE_NS_ASSERTIONS = NO;
				ENABLE_STRICT_OBJC_MSGSEND = YES;
				ENABLE_USER_SCRIPT_SANDBOXING = YES;
				GCC_C_LANGUAGE_STANDARD = gnu17;
				GCC_NO_COMMON_BLOCKS = YES;
				GCC_WARN_64_TO_32_BIT_CONVERSION = YES;
				GCC_WARN_ABOUT_RETURN_TYPE = YES_ERROR;
				GCC_WARN_UNDECLARED_SELECTOR = YES;
				GCC_WARN_UNINITIALIZED_AUTOS = YES_AGGRESSIVE;
				GCC_WARN_UNUSED_FUNCTION = YES;
				GCC_WARN_UNUSED_VARIABLE = YES;
				IPHONEOS_DEPLOYMENT_TARGET = 17.2;
				LOCALIZATION_PREFERS_STRING_CATALOGS = YES;
				MTL_ENABLE_DEBUG_INFO = NO;
				MTL_FAST_MATH = YES;
				SDKROOT = iphoneos;
				SWIFT_COMPILATION_MODE = wholemodule;
				VALIDATE_PRODUCT = YES;
			};
			name = Release;
		};
		D05BB5082D3E28E200E244A7 /* Debug */ = {
			isa = XCBuildConfiguration;
			buildSettings = {
				ASSETCATALOG_COMPILER_APPICON_NAME = AppIcon;
				ASSETCATALOG_COMPILER_GLOBAL_ACCENT_COLOR_NAME = AccentColor;
				CODE_SIGN_STYLE = Automatic;
				CURRENT_PROJECT_VERSION = 1;
				DEVELOPMENT_ASSET_PATHS = "\"TripPlanner/Preview Content\"";
				DEVELOPMENT_TEAM = VD38UV2MEF;
				ENABLE_PREVIEWS = YES;
				GENERATE_INFOPLIST_FILE = YES;
				INFOPLIST_KEY_UIApplicationSceneManifest_Generation = YES;
				INFOPLIST_KEY_UIApplicationSupportsIndirectInputEvents = YES;
				INFOPLIST_KEY_UILaunchScreen_Generation = YES;
				INFOPLIST_KEY_UISupportedInterfaceOrientations_iPad = "UIInterfaceOrientationPortrait UIInterfaceOrientationPortraitUpsideDown UIInterfaceOrientationLandscapeLeft UIInterfaceOrientationLandscapeRight";
				INFOPLIST_KEY_UISupportedInterfaceOrientations_iPhone = "UIInterfaceOrientationPortrait UIInterfaceOrientationLandscapeLeft UIInterfaceOrientationLandscapeRight";
				LD_RUNPATH_SEARCH_PATHS = (
					"$(inherited)",
					"@executable_path/Frameworks",
				);
				MARKETING_VERSION = 1.0;
				PRODUCT_BUNDLE_IDENTIFIER = com.mertarican.developer.TripPlanner;
				PRODUCT_NAME = "$(TARGET_NAME)";
				SWIFT_EMIT_LOC_STRINGS = YES;
				SWIFT_VERSION = 5.0;
				TARGETED_DEVICE_FAMILY = "1,2";
			};
			name = Debug;
		};
		D05BB5092D3E28E200E244A7 /* Release */ = {
			isa = XCBuildConfiguration;
			buildSettings = {
				ASSETCATALOG_COMPILER_APPICON_NAME = AppIcon;
				ASSETCATALOG_COMPILER_GLOBAL_ACCENT_COLOR_NAME = AccentColor;
				CODE_SIGN_STYLE = Automatic;
				CURRENT_PROJECT_VERSION = 1;
				DEVELOPMENT_ASSET_PATHS = "\"TripPlanner/Preview Content\"";
				DEVELOPMENT_TEAM = VD38UV2MEF;
				ENABLE_PREVIEWS = YES;
				GENERATE_INFOPLIST_FILE = YES;
				INFOPLIST_KEY_UIApplicationSceneManifest_Generation = YES;
				INFOPLIST_KEY_UIApplicationSupportsIndirectInputEvents = YES;
				INFOPLIST_KEY_UILaunchScreen_Generation = YES;
				INFOPLIST_KEY_UISupportedInterfaceOrientations_iPad = "UIInterfaceOrientationPortrait UIInterfaceOrientationPortraitUpsideDown UIInterfaceOrientationLandscapeLeft UIInterfaceOrientationLandscapeRight";
				INFOPLIST_KEY_UISupportedInterfaceOrientations_iPhone = "UIInterfaceOrientationPortrait UIInterfaceOrientationLandscapeLeft UIInterfaceOrientationLandscapeRight";
				LD_RUNPATH_SEARCH_PATHS = (
					"$(inherited)",
					"@executable_path/Frameworks",
				);
				MARKETING_VERSION = 1.0;
				PRODUCT_BUNDLE_IDENTIFIER = com.mertarican.developer.TripPlanner;
				PRODUCT_NAME = "$(TARGET_NAME)";
				SWIFT_EMIT_LOC_STRINGS = YES;
				SWIFT_VERSION = 5.0;
				TARGETED_DEVICE_FAMILY = "1,2";
			};
			name = Release;
		};
		D05BB50B2D3E28E200E244A7 /* Debug */ = {
			isa = XCBuildConfiguration;
			buildSettings = {
				ALWAYS_EMBED_SWIFT_STANDARD_LIBRARIES = YES;
				BUNDLE_LOADER = "$(TEST_HOST)";
				CODE_SIGN_STYLE = Automatic;
				CURRENT_PROJECT_VERSION = 1;
				DEVELOPMENT_TEAM = VD38UV2MEF;
				GENERATE_INFOPLIST_FILE = YES;
				IPHONEOS_DEPLOYMENT_TARGET = 17.2;
				MARKETING_VERSION = 1.0;
				PRODUCT_BUNDLE_IDENTIFIER = com.mertarican.developer.TripPlannerTests;
				PRODUCT_NAME = "$(TARGET_NAME)";
				SWIFT_EMIT_LOC_STRINGS = NO;
				SWIFT_VERSION = 5.0;
				TARGETED_DEVICE_FAMILY = "1,2";
				TEST_HOST = "$(BUILT_PRODUCTS_DIR)/TripPlanner.app/$(BUNDLE_EXECUTABLE_FOLDER_PATH)/TripPlanner";
			};
			name = Debug;
		};
		D05BB50C2D3E28E200E244A7 /* Release */ = {
			isa = XCBuildConfiguration;
			buildSettings = {
				ALWAYS_EMBED_SWIFT_STANDARD_LIBRARIES = YES;
				BUNDLE_LOADER = "$(TEST_HOST)";
				CODE_SIGN_STYLE = Automatic;
				CURRENT_PROJECT_VERSION = 1;
				DEVELOPMENT_TEAM = VD38UV2MEF;
				GENERATE_INFOPLIST_FILE = YES;
				IPHONEOS_DEPLOYMENT_TARGET = 17.2;
				MARKETING_VERSION = 1.0;
				PRODUCT_BUNDLE_IDENTIFIER = com.mertarican.developer.TripPlannerTests;
				PRODUCT_NAME = "$(TARGET_NAME)";
				SWIFT_EMIT_LOC_STRINGS = NO;
				SWIFT_VERSION = 5.0;
				TARGETED_DEVICE_FAMILY = "1,2";
				TEST_HOST = "$(BUILT_PRODUCTS_DIR)/TripPlanner.app/$(BUNDLE_EXECUTABLE_FOLDER_PATH)/TripPlanner";
			};
			name = Release;
		};
		D05BB50E2D3E28E200E244A7 /* Debug */ = {
			isa = XCBuildConfiguration;
			buildSettings = {
				ALWAYS_EMBED_SWIFT_STANDARD_LIBRARIES = YES;
				CODE_SIGN_STYLE = Automatic;
				CURRENT_PROJECT_VERSION = 1;
				DEVELOPMENT_TEAM = VD38UV2MEF;
				GENERATE_INFOPLIST_FILE = YES;
				MARKETING_VERSION = 1.0;
				PRODUCT_BUNDLE_IDENTIFIER = com.mertarican.developer.TripPlannerUITests;
				PRODUCT_NAME = "$(TARGET_NAME)";
				SWIFT_EMIT_LOC_STRINGS = NO;
				SWIFT_VERSION = 5.0;
				TARGETED_DEVICE_FAMILY = "1,2";
				TEST_TARGET_NAME = TripPlanner;
			};
			name = Debug;
		};
		D05BB50F2D3E28E200E244A7 /* Release */ = {
			isa = XCBuildConfiguration;
			buildSettings = {
				ALWAYS_EMBED_SWIFT_STANDARD_LIBRARIES = YES;
				CODE_SIGN_STYLE = Automatic;
				CURRENT_PROJECT_VERSION = 1;
				DEVELOPMENT_TEAM = VD38UV2MEF;
				GENERATE_INFOPLIST_FILE = YES;
				MARKETING_VERSION = 1.0;
				PRODUCT_BUNDLE_IDENTIFIER = com.mertarican.developer.TripPlannerUITests;
				PRODUCT_NAME = "$(TARGET_NAME)";
				SWIFT_EMIT_LOC_STRINGS = NO;
				SWIFT_VERSION = 5.0;
				TARGETED_DEVICE_FAMILY = "1,2";
				TEST_TARGET_NAME = TripPlanner;
			};
			name = Release;
		};
/* End XCBuildConfiguration section */

/* Begin XCConfigurationList section */
		D05BB4DE2D3E28DF00E244A7 /* Build configuration list for PBXProject "TripPlanner" */ = {
			isa = XCConfigurationList;
			buildConfigurations = (
				D05BB5052D3E28E200E244A7 /* Debug */,
				D05BB5062D3E28E200E244A7 /* Release */,
			);
			defaultConfigurationIsVisible = 0;
			defaultConfigurationName = Release;
		};
		D05BB5072D3E28E200E244A7 /* Build configuration list for PBXNativeTarget "TripPlanner" */ = {
			isa = XCConfigurationList;
			buildConfigurations = (
				D05BB5082D3E28E200E244A7 /* Debug */,
				D05BB5092D3E28E200E244A7 /* Release */,
			);
			defaultConfigurationIsVisible = 0;
			defaultConfigurationName = Release;
		};
		D05BB50A2D3E28E200E244A7 /* Build configuration list for PBXNativeTarget "TripPlannerTests" */ = {
			isa = XCConfigurationList;
			buildConfigurations = (
				D05BB50B2D3E28E200E244A7 /* Debug */,
				D05BB50C2D3E28E200E244A7 /* Release */,
			);
			defaultConfigurationIsVisible = 0;
			defaultConfigurationName = Release;
		};
		D05BB50D2D3E28E200E244A7 /* Build configuration list for PBXNativeTarget "TripPlannerUITests" */ = {
			isa = XCConfigurationList;
			buildConfigurations = (
				D05BB50E2D3E28E200E244A7 /* Debug */,
				D05BB50F2D3E28E200E244A7 /* Release */,
			);
			defaultConfigurationIsVisible = 0;
			defaultConfigurationName = Release;
		};
/* End XCConfigurationList section */
	};
	rootObject = D05BB4DB2D3E28DF00E244A7 /* Project object */;
}
